
Microsoft Visual Studio Solution File, Format Version 12.00
# Visual Studio Version 17
VisualStudioVersion = 17.3.32901.215
MinimumVisualStudioVersion = 10.0.40219.1
Project("{FAE04EC0-301F-11D3-BF4B-00C04F79EFBC}") = "pc_info", "pc_info\pc_info.csproj", "{363624F2-CB40-4765-A217-C128F3132F84}"
EndProject
Global
	GlobalSection(SolutionConfigurationPlatforms) = preSolution
		Debug|Any CPU = Debug|Any CPU
		Release|Any CPU = Release|Any CPU
	EndGlobalSection
	GlobalSection(ProjectConfigurationPlatforms) = postSolution
		{363624F2-CB40-4765-A217-C128F3132F84}.Debug|Any CPU.ActiveCfg = Debug|Any CPU
		{363624F2-CB40-4765-A217-C128F3132F84}.Debug|Any CPU.Build.0 = Debug|Any CPU
		{363624F2-CB40-4765-A217-C128F3132F84}.Release|Any CPU.ActiveCfg = Release|Any CPU
		{363624F2-CB40-4765-A217-C128F3132F84}.Release|Any CPU.Build.0 = Release|Any CPU
	EndGlobalSection
	GlobalSection(SolutionProperties) = preSolution
		HideSolutionNode = FALSE
	EndGlobalSection
	GlobalSection(ExtensibilityGlobals) = postSolution
		SolutionGuid = {48518A1F-F763-4D45-9E30-543760559624}
	EndGlobalSection
EndGlobal
